github.com/BurntSushi/toml v0.3.1 h1:WXkYYl6Yr3qBf1K79EBnL4mak0OimBfB0XUf9Vl28OQ=
github.com/BurntSushi/toml v0.3.1/go.mod h1:xHWCNGjB5oqiDr8zfno3MHue2Ht5sIBksp03qcyfWMU=
github.com/go-yaml/yaml v2.1.0+incompatible h1:RYi2hDdss1u4YE7GwixGzWwVo47T8UQwnTLB6vQiq+o=
github.com/go-yaml/yaml v2.1.0+incompatible/go.mod h1:w2MrLa16VYP0jy6N7M5kHaCkaLENm+P+Tv+MfurjSw0=
github.com/kelseyhightower/envconfig v1.3.0 h1:IvRS4f2VcIQy6j4ORGIf9145T/AsUB+oY8LyvN8BXNM=
github.com/kelseyhightower/envconfig v1.3.0/go.mod h1:cccZRl6mQpaq41TPp5QxidR+Sa3axMbJDNb//FQX6Gg=
github.com/kr/pretty v0.1.0 h1:L/CwN0zerZDmRFUapSPitk6f+Q3+0za1rQkzVuMiMFI=
github.com/kr/pretty v0.1.0/go.mod h1:dAy3ld7l9f0ibDNOQOHHMYYIIbhfbHSm3C4ZsoJORNo=
github.com/kr/pty v1.1.1/go.mod h1:pFQYn66WHrOpPYNljwOMqo10TkYh1fy3cYio2l3bCsQ=
github.com/kr/text v0.1.0 h1:45sCR5RtlFHMR4UwH9sdQ5TC8v0qDQCHnXt+kaKSTVE=
github.com/kr/text v0.1.0/go.mod h1:4Jbv+DJW3UT/LiOwJeYQe1efqtUx/iVham/4vfdArNI=
github.com/paulstuart/ping v0.0.0-20140925212352-0345a9703e43 h1:KdVgTa60PIJyle4rgRiRDMLU4rBPlvP9/Mig8tka7Ow=
github.com/paulstuart/ping v0.0.0-20140925212352-0345a9703e43/go.mod h1:Mqu1lFC2j84abm0x+RLoyj/uWj4iuO6mI/yabMSjX6Q=
github.com/sridharv/fakegopath v0.0.0-20160915143632-09e1db74c7e5 h1:D61S7xQ/ct37o6J5ocEzxwUNggeI3LFivr86v6fZkuY=
github.com/sridharv/fakegopath v0.0.0-20160915143632-09e1db74c7e5/go.mod h1:hQ243y80r+C1b/p2HKJrbtEXEC7IEW9y/hxUImmaQbE=
github.com/surullabs/lint v0.0.0-20171003141706-f90256a82312 h1:0VtpevdoVHcdR3zI+SSS8N4shp+sg5Jtu7KR2/NSiN0=
github.com/surullabs/lint v0.0.0-20171003141706-f90256a82312/go.mod h1:e68ddoKX7GR9ME1d1EsK19L0U/RqSEjZPmSOI9mrAWY=
golang.org/x/tools v0.0.0-20190110015856-aa033095749b h1:G5tsw1T5VA7PD7VmXyGtX/hQp3ABPSCPRKVfsdUcVxs=
golang.org/x/tools v0.0.0-20190110015856-aa033095749b/go.mod h1:n7NCudcB/nEzxVGmLbDWY5pfWTLqBcC2KZ6jyYvM4mQ=
gopkg.in/check.v1 v0.0.0-20161208181325-20d25e280405/go.mod h1:Co6ibVJAznAaIkqp8huTwlJQCZ016jof/cbN4VW5Yz0=
gopkg.in/check.v1 v1.0.0-20180628173108-788fd7840127 h1:qIbj1fsPNlZgppZ+VLlY7N33q108Sa+fhmuc+sWQYwY=
gopkg.in/check.v1 v1.0.0-20180628173108-788fd7840127/go.mod h1:Co6ibVJAznAaIkqp8huTwlJQCZ016jof/cbN4VW5Yz0=
gopkg.in/yaml.v2 v2.2.2 h1:ZCJp+EgiOT7lHqUV2J862kp8Qj64Jo6az82+3Td9dZw=
gopkg.in/yaml.v2 v2.2.2/go.mod h1:hI93XBmqTisBFMUTm0b8Fm+jr3Dg1NNxqwp+5A1VGuI=
honnef.co/go/tools v0.0.0-20190109154334-5bcec433c8ea h1:Mqe+pbbXrgs4O/B8PTc7PMpbZ1YCzT0YAz8FHqE8AcM=
honnef.co/go/tools v0.0.0-20190109154334-5bcec433c8ea/go.mod h1:rf3lG4BRIbNafJWhAfAdb/ePZxsR/4RtNHQocxwk9r4=
